
Microsoft Visual Studio Solution File, Format Version 12.00
# Visual Studio Version 16
VisualStudioVersion = 16.0.32929.386
MinimumVisualStudioVersion = 10.0.40219.1
Project("{FAE04EC0-301F-11D3-BF4B-00C04F79EFBC}") = "WebApplication3", "WebApplication3\WebApplication3.csproj", "{42BB0CCB-5D24-4E6E-BF77-1400479F34EF}"
EndProject
Global
	GlobalSection(SolutionConfigurationPlatforms) = preSolution
		Debug|Any CPU = Debug|Any CPU
		Release|Any CPU = Release|Any CPU
	EndGlobalSection
	GlobalSection(ProjectConfigurationPlatforms) = postSolution
		{42BB0CCB-5D24-4E6E-BF77-1400479F34EF}.Debug|Any CPU.ActiveCfg = Debug|Any CPU
		{42BB0CCB-5D24-4E6E-BF77-1400479F34EF}.Debug|Any CPU.Build.0 = Debug|Any CPU
		{42BB0CCB-5D24-4E6E-BF77-1400479F34EF}.Release|Any CPU.ActiveCfg = Release|Any CPU
		{42BB0CCB-5D24-4E6E-BF77-1400479F34EF}.Release|Any CPU.Build.0 = Release|Any CPU
	EndGlobalSection
	GlobalSection(SolutionProperties) = preSolution
		HideSolutionNode = FALSE
	EndGlobalSection
	GlobalSection(ExtensibilityGlobals) = postSolution
		SolutionGuid = {DE542BCA-3857-4CD1-A20D-98F073BDB6D4}
	EndGlobalSection
EndGlobal
